
Microsoft Visual Studio Solution File, Format Version 12.00
# Visual Studio Version 17
VisualStudioVersion = 17.0.31903.59
MinimumVisualStudioVersion = 10.0.40219.1
Project("{2150E333-8FDC-42A3-9474-1A3956D46DE8}") = "src", "src", "{F02AE784-F8D6-451C-BEDE-362A2408FB88}"
EndProject
Project("{FAE04EC0-301F-11D3-BF4B-00C04F79EFBC}") = "ChatBot.Api", "src\ChatBot.Api\ChatBot.Api.csproj", "{BB061529-C824-44A2-B877-2852C0FEFEAC}"
EndProject
Project("{FAE04EC0-301F-11D3-BF4B-00C04F79EFBC}") = "ChatBot.Application", "src\ChatBot.Application\ChatBot.Application.csproj", "{7278D108-CDF1-4565-8ABB-DCB7E932CB04}"
EndProject
Project("{FAE04EC0-301F-11D3-BF4B-00C04F79EFBC}") = "Common.HttpClient", "common\Common.HttpClient\Common.HttpClient.csproj", "{F69951C8-A5BE-4E70-93E0-F9383F97B879}"
EndProject
Project("{FAE04EC0-301F-11D3-BF4B-00C04F79EFBC}") = "ChatBot.Infrastructure", "src\ChatBot.Infrastructure\ChatBot.Infrastructure.csproj", "{1366E496-2DCA-45D8-BE09-FAC76FF6BB95}"
EndProject
Project("{FAE04EC0-301F-11D3-BF4B-00C04F79EFBC}") = "Common.Mongo", "common\Common.Mongo\Common.Mongo.csproj", "{196BCA59-D5D5-4A18-A80B-1F2043DBE7A0}"
EndProject
Project("{FAE04EC0-301F-11D3-BF4B-00C04F79EFBC}") = "Common.Cors", "common\Common.Cors\Common.Cors.csproj", "{F5B3CEBC-3674-4F1B-B970-D3B1E0F1B533}"
EndProject
Project("{2150E333-8FDC-42A3-9474-1A3956D46DE8}") = "common", "common", "{8270AEA0-A37B-4465-9848-3F9DA449E34C}"
EndProject
Project("{2150E333-8FDC-42A3-9474-1A3956D46DE8}") = "tests", "tests", "{CC14550A-5AB0-4102-B454-FD2F88EA313C}"
EndProject
Project("{FAE04EC0-301F-11D3-BF4B-00C04F79EFBC}") = "ChatBot.UnitTests", "tests\ChatBot.UnitTests\ChatBot.UnitTests.csproj", "{B41D5FBA-208D-424A-916C-CBF6DB826D8F}"
EndProject
Project("{FAE04EC0-301F-11D3-BF4B-00C04F79EFBC}") = "ChatBot.Domain", "src\ChatBot.Domain\ChatBot.Domain.csproj", "{3DFE874B-DDD8-411C-B297-3FE79FC175F8}"
EndProject
Project("{FAE04EC0-301F-11D3-BF4B-00C04F79EFBC}") = "ChatBot.Infrastructure.EntityFrameworkCore.SqlServer", "efcore\ChatBot.Infrastructure.EntityFrameworkCore.SqlServer\ChatBot.Infrastructure.EntityFrameworkCore.SqlServer.csproj", "{CDEF0D1A-5BC0-481B-8E8C-2B79A1B0ED6E}"
EndProject
Project("{2150E333-8FDC-42A3-9474-1A3956D46DE8}") = "efcore", "efcore", "{4453207F-ACC2-4BA2-8248-50F522CF46CD}"
EndProject
Project("{FAE04EC0-301F-11D3-BF4B-00C04F79EFBC}") = "ChatBot.Infrastructure.EntityFrameworkCore.Postgresql", "efcore\ChatBot.Infrastructure.EntityFrameworkCore.Postgresql\ChatBot.Infrastructure.EntityFrameworkCore.Postgresql.csproj", "{9C21F919-89A0-4703-9F55-C7375A72899F}"
EndProject
Project("{2150E333-8FDC-42A3-9474-1A3956D46DE8}") = "_project-files", "_project-files", "{B877FF1F-7B68-41AD-9B53-A3EE191C36DA}"
	ProjectSection(SolutionItems) = preProject
		Makefile = Makefile
		docker-compose.yml = docker-compose.yml
		Dockerfile = Dockerfile
		global.json = global.json
		README.md = README.md
	EndProjectSection
EndProject
Project("{FAE04EC0-301F-11D3-BF4B-00C04F79EFBC}") = "ChatBot.Api.IntegrationTests", "tests\ChatBot.Api.IntegrationTests\ChatBot.Api.IntegrationTests.csproj", "{8F5B24D8-7679-458D-BA9A-064A442815E6}"
EndProject
Project("{FAE04EC0-301F-11D3-BF4B-00C04F79EFBC}") = "Common.ServiceDefaults", "common\Common.ServiceDefaults\Common.ServiceDefaults.csproj", "{A0F300DB-6DDC-45F7-8915-7110BE80F5F2}"
EndProject
Project("{2150E333-8FDC-42A3-9474-1A3956D46DE8}") = "aspire", "aspire", "{F420BCFB-0772-4BAF-BBD8-A66FC1BF601A}"
EndProject
Project("{FAE04EC0-301F-11D3-BF4B-00C04F79EFBC}") = "ChatBot.Aspire.AppHost", "aspire\ChatBot.Aspire.AppHost\ChatBot.Aspire.AppHost.csproj", "{1F8B5F8F-76BB-4671-9FA8-E5C6A37F69BB}"
EndProject
Global
	GlobalSection(SolutionConfigurationPlatforms) = preSolution
		Debug|Any CPU = Debug|Any CPU
		Release|Any CPU = Release|Any CPU
	EndGlobalSection
	GlobalSection(ProjectConfigurationPlatforms) = postSolution
		{BB061529-C824-44A2-B877-2852C0FEFEAC}.Debug|Any CPU.ActiveCfg = Debug|Any CPU
		{BB061529-C824-44A2-B877-2852C0FEFEAC}.Debug|Any CPU.Build.0 = Debug|Any CPU
		{BB061529-C824-44A2-B877-2852C0FEFEAC}.Release|Any CPU.ActiveCfg = Release|Any CPU
		{BB061529-C824-44A2-B877-2852C0FEFEAC}.Release|Any CPU.Build.0 = Release|Any CPU
		{7278D108-CDF1-4565-8ABB-DCB7E932CB04}.Debug|Any CPU.ActiveCfg = Debug|Any CPU
		{7278D108-CDF1-4565-8ABB-DCB7E932CB04}.Debug|Any CPU.Build.0 = Debug|Any CPU
		{7278D108-CDF1-4565-8ABB-DCB7E932CB04}.Release|Any CPU.ActiveCfg = Release|Any CPU
		{7278D108-CDF1-4565-8ABB-DCB7E932CB04}.Release|Any CPU.Build.0 = Release|Any CPU
		{F69951C8-A5BE-4E70-93E0-F9383F97B879}.Debug|Any CPU.ActiveCfg = Debug|Any CPU
		{F69951C8-A5BE-4E70-93E0-F9383F97B879}.Debug|Any CPU.Build.0 = Debug|Any CPU
		{F69951C8-A5BE-4E70-93E0-F9383F97B879}.Release|Any CPU.ActiveCfg = Release|Any CPU
		{F69951C8-A5BE-4E70-93E0-F9383F97B879}.Release|Any CPU.Build.0 = Release|Any CPU
		{1366E496-2DCA-45D8-BE09-FAC76FF6BB95}.Debug|Any CPU.ActiveCfg = Debug|Any CPU
		{1366E496-2DCA-45D8-BE09-FAC76FF6BB95}.Debug|Any CPU.Build.0 = Debug|Any CPU
		{1366E496-2DCA-45D8-BE09-FAC76FF6BB95}.Release|Any CPU.ActiveCfg = Release|Any CPU
		{1366E496-2DCA-45D8-BE09-FAC76FF6BB95}.Release|Any CPU.Build.0 = Release|Any CPU
		{196BCA59-D5D5-4A18-A80B-1F2043DBE7A0}.Debug|Any CPU.ActiveCfg = Debug|Any CPU
		{196BCA59-D5D5-4A18-A80B-1F2043DBE7A0}.Debug|Any CPU.Build.0 = Debug|Any CPU
		{196BCA59-D5D5-4A18-A80B-1F2043DBE7A0}.Release|Any CPU.ActiveCfg = Release|Any CPU
		{196BCA59-D5D5-4A18-A80B-1F2043DBE7A0}.Release|Any CPU.Build.0 = Release|Any CPU
		{F5B3CEBC-3674-4F1B-B970-D3B1E0F1B533}.Debug|Any CPU.ActiveCfg = Debug|Any CPU
		{F5B3CEBC-3674-4F1B-B970-D3B1E0F1B533}.Debug|Any CPU.Build.0 = Debug|Any CPU
		{F5B3CEBC-3674-4F1B-B970-D3B1E0F1B533}.Release|Any CPU.ActiveCfg = Release|Any CPU
		{F5B3CEBC-3674-4F1B-B970-D3B1E0F1B533}.Release|Any CPU.Build.0 = Release|Any CPU
		{B41D5FBA-208D-424A-916C-CBF6DB826D8F}.Debug|Any CPU.ActiveCfg = Debug|Any CPU
		{B41D5FBA-208D-424A-916C-CBF6DB826D8F}.Debug|Any CPU.Build.0 = Debug|Any CPU
		{B41D5FBA-208D-424A-916C-CBF6DB826D8F}.Release|Any CPU.ActiveCfg = Release|Any CPU
		{B41D5FBA-208D-424A-916C-CBF6DB826D8F}.Release|Any CPU.Build.0 = Release|Any CPU
		{3DFE874B-DDD8-411C-B297-3FE79FC175F8}.Debug|Any CPU.ActiveCfg = Debug|Any CPU
		{3DFE874B-DDD8-411C-B297-3FE79FC175F8}.Debug|Any CPU.Build.0 = Debug|Any CPU
		{3DFE874B-DDD8-411C-B297-3FE79FC175F8}.Release|Any CPU.ActiveCfg = Release|Any CPU
		{3DFE874B-DDD8-411C-B297-3FE79FC175F8}.Release|Any CPU.Build.0 = Release|Any CPU
		{CDEF0D1A-5BC0-481B-8E8C-2B79A1B0ED6E}.Debug|Any CPU.ActiveCfg = Debug|Any CPU
		{CDEF0D1A-5BC0-481B-8E8C-2B79A1B0ED6E}.Debug|Any CPU.Build.0 = Debug|Any CPU
		{CDEF0D1A-5BC0-481B-8E8C-2B79A1B0ED6E}.Release|Any CPU.ActiveCfg = Release|Any CPU
		{CDEF0D1A-5BC0-481B-8E8C-2B79A1B0ED6E}.Release|Any CPU.Build.0 = Release|Any CPU
		{9C21F919-89A0-4703-9F55-C7375A72899F}.Debug|Any CPU.ActiveCfg = Debug|Any CPU
		{9C21F919-89A0-4703-9F55-C7375A72899F}.Debug|Any CPU.Build.0 = Debug|Any CPU
		{9C21F919-89A0-4703-9F55-C7375A72899F}.Release|Any CPU.ActiveCfg = Release|Any CPU
		{9C21F919-89A0-4703-9F55-C7375A72899F}.Release|Any CPU.Build.0 = Release|Any CPU
		{8F5B24D8-7679-458D-BA9A-064A442815E6}.Debug|Any CPU.ActiveCfg = Debug|Any CPU
		{8F5B24D8-7679-458D-BA9A-064A442815E6}.Debug|Any CPU.Build.0 = Debug|Any CPU
		{8F5B24D8-7679-458D-BA9A-064A442815E6}.Release|Any CPU.ActiveCfg = Release|Any CPU
		{8F5B24D8-7679-458D-BA9A-064A442815E6}.Release|Any CPU.Build.0 = Release|Any CPU
		{A0F300DB-6DDC-45F7-8915-7110BE80F5F2}.Debug|Any CPU.ActiveCfg = Debug|Any CPU
		{A0F300DB-6DDC-45F7-8915-7110BE80F5F2}.Debug|Any CPU.Build.0 = Debug|Any CPU
		{A0F300DB-6DDC-45F7-8915-7110BE80F5F2}.Release|Any CPU.ActiveCfg = Release|Any CPU
		{A0F300DB-6DDC-45F7-8915-7110BE80F5F2}.Release|Any CPU.Build.0 = Release|Any CPU
		{1F8B5F8F-76BB-4671-9FA8-E5C6A37F69BB}.Debug|Any CPU.ActiveCfg = Debug|Any CPU
		{1F8B5F8F-76BB-4671-9FA8-E5C6A37F69BB}.Debug|Any CPU.Build.0 = Debug|Any CPU
		{1F8B5F8F-76BB-4671-9FA8-E5C6A37F69BB}.Release|Any CPU.ActiveCfg = Release|Any CPU
		{1F8B5F8F-76BB-4671-9FA8-E5C6A37F69BB}.Release|Any CPU.Build.0 = Release|Any CPU
	EndGlobalSection
	GlobalSection(SolutionProperties) = preSolution
		HideSolutionNode = FALSE
	EndGlobalSection
	GlobalSection(NestedProjects) = preSolution
		{BB061529-C824-44A2-B877-2852C0FEFEAC} = {F02AE784-F8D6-451C-BEDE-362A2408FB88}
		{7278D108-CDF1-4565-8ABB-DCB7E932CB04} = {F02AE784-F8D6-451C-BEDE-362A2408FB88}
		{F69951C8-A5BE-4E70-93E0-F9383F97B879} = {8270AEA0-A37B-4465-9848-3F9DA449E34C}
		{1366E496-2DCA-45D8-BE09-FAC76FF6BB95} = {F02AE784-F8D6-451C-BEDE-362A2408FB88}
		{196BCA59-D5D5-4A18-A80B-1F2043DBE7A0} = {8270AEA0-A37B-4465-9848-3F9DA449E34C}
		{F5B3CEBC-3674-4F1B-B970-D3B1E0F1B533} = {8270AEA0-A37B-4465-9848-3F9DA449E34C}
		{B41D5FBA-208D-424A-916C-CBF6DB826D8F} = {CC14550A-5AB0-4102-B454-FD2F88EA313C}
		{3DFE874B-DDD8-411C-B297-3FE79FC175F8} = {F02AE784-F8D6-451C-BEDE-362A2408FB88}
		{CDEF0D1A-5BC0-481B-8E8C-2B79A1B0ED6E} = {4453207F-ACC2-4BA2-8248-50F522CF46CD}
		{9C21F919-89A0-4703-9F55-C7375A72899F} = {4453207F-ACC2-4BA2-8248-50F522CF46CD}
		{8F5B24D8-7679-458D-BA9A-064A442815E6} = {CC14550A-5AB0-4102-B454-FD2F88EA313C}
		{A0F300DB-6DDC-45F7-8915-7110BE80F5F2} = {8270AEA0-A37B-4465-9848-3F9DA449E34C}
		{1F8B5F8F-76BB-4671-9FA8-E5C6A37F69BB} = {F420BCFB-0772-4BAF-BBD8-A66FC1BF601A}
	EndGlobalSection
EndGlobal
